GEM
  remote: https://rubygems.org/
  specs:
    actionpack (7.1.2)
      actionview (= 7.1.2)
    activerecord (7.1.2)
      activemodel (= 7.1.2)
    pg (1.5.4)
    puma (6.4.2)
    rails (7.1.2)
      actionpack (= 7.1.2)
      activerecord (= 7.1.2)

PLATFORMS
  ruby

DEPENDENCIES
  pg
  puma (>= 5.0)
  rails (~> 7.1.0)
  tzinfo-data
  webpacker (~> 5.0)!

BUNDLED WITH
   2.4.10
